// !$*UTF8*$!
{
	archiveVersion = 1;
	classes = {
	};
	objectVersion = 48;
	objects = {

/* Begin PBXBuildFile section */
		132C59D17E335BE249F5466E /* Pods_BusCheckerUITests.framework in Frameworks */ = {isa = PBXBuildFile; fileRef = 95803B426CE8F07BCD8FA791 /* Pods_BusCheckerUITests.framework */; };
		28DA35290D08D46942F4EB6E /* Pods_BusChecker.framework in Frameworks */ = {isa = PBXBuildFile; fileRef = 0D49AAFD72BE6837D7A33EDF /* Pods_BusChecker.framework */; };
		475E5DF81F99A7F500CF82E0 /* AppDelegate.swift in Sources */ = {isa = PBXBuildFile; fileRef = 475E5DF71F99A7F500CF82E0 /* AppDelegate.swift */; };
		475E5DFD1F99A7F500CF82E0 /* Main.storyboard in Resources */ = {isa = PBXBuildFile; fileRef = 475E5DFB1F99A7F500CF82E0 /* Main.storyboard */; };
		475E5E001F99A7F500CF82E0 /* BusChecker.xcdatamodeld in Sources */ = {isa = PBXBuildFile; fileRef = 475E5DFE1F99A7F500CF82E0 /* BusChecker.xcdatamodeld */; };
		475E5E021F99A7F500CF82E0 /* Assets.xcassets in Resources */ = {isa = PBXBuildFile; fileRef = 475E5E011F99A7F500CF82E0 /* Assets.xcassets */; };
		475E5E051F99A7F500CF82E0 /* LaunchScreen.storyboard in Resources */ = {isa = PBXBuildFile; fileRef = 475E5E031F99A7F500CF82E0 /* LaunchScreen.storyboard */; };
		475E5E101F99A7F600CF82E0 /* BusCheckerTests.swift in Sources */ = {isa = PBXBuildFile; fileRef = 475E5E0F1F99A7F600CF82E0 /* BusCheckerTests.swift */; };
		475E5E1B1F99A7F600CF82E0 /* BusCheckerUITests.swift in Sources */ = {isa = PBXBuildFile; fileRef = 475E5E1A1F99A7F600CF82E0 /* BusCheckerUITests.swift */; };
		475E5E2A1F99B34C00CF82E0 /* BusStopUITableViewController.swift in Sources */ = {isa = PBXBuildFile; fileRef = 475E5E291F99B34C00CF82E0 /* BusStopUITableViewController.swift */; };
		475E5E2D1F99C23B00CF82E0 /* BusStopMO.swift in Sources */ = {isa = PBXBuildFile; fileRef = 475E5E2C1F99C23B00CF82E0 /* BusStopMO.swift */; };
		475E5E2F1F99D14000CF82E0 /* MessageMO.swift in Sources */ = {isa = PBXBuildFile; fileRef = 475E5E2E1F99D14000CF82E0 /* MessageMO.swift */; };
		475E5E361F99E43900CF82E0 /* BusStopItemTableViewCell.swift in Sources */ = {isa = PBXBuildFile; fileRef = 475E5E351F99E43900CF82E0 /* BusStopItemTableViewCell.swift */; };
		47F56FE11F9DDCF20074179A /* MessageTableViewController.swift in Sources */ = {isa = PBXBuildFile; fileRef = 47F56FE01F9DDCF20074179A /* MessageTableViewController.swift */; };
		47F56FE31F9DE23C0074179A /* MessageItemTableViewCell.swift in Sources */ = {isa = PBXBuildFile; fileRef = 47F56FE21F9DE23C0074179A /* MessageItemTableViewCell.swift */; };
		E965A70C1F9A81240068C025 /* AddViewController.swift in Sources */ = {isa = PBXBuildFile; fileRef = E965A70B1F9A81240068C025 /* AddViewController.swift */; };
		E965A70E1F9A83EA0068C025 /* BusStopViewModel.swift in Sources */ = {isa = PBXBuildFile; fileRef = E965A70D1F9A83EA0068C025 /* BusStopViewModel.swift */; };
		F96CCEF3EF9AE6E8C6E21C03 /* Pods_BusCheckerTests.framework in Frameworks */ = {isa = PBXBuildFile; fileRef = DB7753ADF82165C7D560A1B8 /* Pods_BusCheckerTests.framework */; };
/* End PBXBuildFile section */

/* Begin PBXContainerItemProxy section */
		475E5E0C1F99A7F500CF82E0 /* PBXContainerItemProxy */ = {
			isa = PBXContainerItemProxy;
			containerPortal = 475E5DEC1F99A7F500CF82E0 /* Project object */;
			proxyType = 1;
			remoteGlobalIDString = 475E5DF31F99A7F500CF82E0;
			remoteInfo = BusChecker;
		};
		475E5E171F99A7F600CF82E0 /* PBXContainerItemProxy */ = {
			isa = PBXContainerItemProxy;
			containerPortal = 475E5DEC1F99A7F500CF82E0 /* Project object */;
			proxyType = 1;
			remoteGlobalIDString = 475E5DF31F99A7F500CF82E0;
			remoteInfo = BusChecker;
		};
/* End PBXContainerItemProxy section */

/* Begin PBXFileReference section */
		0D49AAFD72BE6837D7A33EDF /* Pods_BusChecker.framework */ = {isa = PBXFileReference; explicitFileType = wrapper.framework; includeInIndex = 0; path = Pods_BusChecker.framework; sourceTree = BUILT_PRODUCTS_DIR; };
		1C183F5E5CB26BC3E9B9596A /* Pods-BusChecker.debug.xcconfig */ = {isa = PBXFileReference; includeInIndex = 1; lastKnownFileType = text.xcconfig; name = "Pods-BusChecker.debug.xcconfig"; path = "Pods/Target Support Files/Pods-BusChecker/Pods-BusChecker.debug.xcconfig"; sourceTree = "<group>"; };
		25B6C6C07F4EBE4001BEF8D1 /* Pods-BusCheckerTests.debug.xcconfig */ = {isa = PBXFileReference; includeInIndex = 1; lastKnownFileType = text.xcconfig; name = "Pods-BusCheckerTests.debug.xcconfig"; path = "Pods/Target Support Files/Pods-BusCheckerTests/Pods-BusCheckerTests.debug.xcconfig"; sourceTree = "<group>"; };
		28C9147621DEB8A852C8BAD4 /* Pods-BusChecker.release.xcconfig */ = {isa = PBXFileReference; includeInIndex = 1; lastKnownFileType = text.xcconfig; name = "Pods-BusChecker.release.xcconfig"; path = "Pods/Target Support Files/Pods-BusChecker/Pods-BusChecker.release.xcconfig"; sourceTree = "<group>"; };
		475E5DF41F99A7F500CF82E0 /* BusChecker.app */ = {isa = PBXFileReference; explicitFileType = wrapper.application; includeInIndex = 0; path = BusChecker.app; sourceTree = BUILT_PRODUCTS_DIR; };
		475E5DF71F99A7F500CF82E0 /* AppDelegate.swift */ = {isa = PBXFileReference; lastKnownFileType = sourcecode.swift; path = AppDelegate.swift; sourceTree = "<group>"; };
		475E5DFC1F99A7F500CF82E0 /* Base */ = {isa = PBXFileReference; lastKnownFileType = file.storyboard; name = Base; path = Base.lproj/Main.storyboard; sourceTree = "<group>"; };
		475E5DFF1F99A7F500CF82E0 /* BusChecker.xcdatamodel */ = {isa = PBXFileReference; lastKnownFileType = wrapper.xcdatamodel; path = BusChecker.xcdatamodel; sourceTree = "<group>"; };
		475E5E011F99A7F500CF82E0 /* Assets.xcassets */ = {isa = PBXFileReference; lastKnownFileType = folder.assetcatalog; path = Assets.xcassets; sourceTree = "<group>"; };
		475E5E041F99A7F500CF82E0 /* Base */ = {isa = PBXFileReference; lastKnownFileType = file.storyboard; name = Base; path = Base.lproj/LaunchScreen.storyboard; sourceTree = "<group>"; };
		475E5E061F99A7F500CF82E0 /* Info.plist */ = {isa = PBXFileReference; lastKnownFileType = text.plist.xml; path = Info.plist; sourceTree = "<group>"; };
		475E5E0B1F99A7F500CF82E0 /* BusCheckerTests.xctest */ = {isa = PBXFileReference; explicitFileType = wrapper.cfbundle; includeInIndex = 0; path = BusCheckerTests.xctest; sourceTree = BUILT_PRODUCTS_DIR; };
		475E5E0F1F99A7F600CF82E0 /* BusCheckerTests.swift */ = {isa = PBXFileReference; lastKnownFileType = sourcecode.swift; path = BusCheckerTests.swift; sourceTree = "<group>"; };
		475E5E111F99A7F600CF82E0 /* Info.plist */ = {isa = PBXFileReference; lastKnownFileType = text.plist.xml; path = Info.plist; sourceTree = "<group>"; };
		475E5E161F99A7F600CF82E0 /* BusCheckerUITests.xctest */ = {isa = PBXFileReference; explicitFileType = wrapper.cfbundle; includeInIndex = 0; path = BusCheckerUITests.xctest; sourceTree = BUILT_PRODUCTS_DIR; };
		475E5E1A1F99A7F600CF82E0 /* BusCheckerUITests.swift */ = {isa = PBXFileReference; lastKnownFileType = sourcecode.swift; path = BusCheckerUITests.swift; sourceTree = "<group>"; };
		475E5E1C1F99A7F600CF82E0 /* Info.plist */ = {isa = PBXFileReference; lastKnownFileType = text.plist.xml; path = Info.plist; sourceTree = "<group>"; };
		475E5E291F99B34C00CF82E0 /* BusStopUITableViewController.swift */ = {isa = PBXFileReference; lastKnownFileType = sourcecode.swift; path = BusStopUITableViewController.swift; sourceTree = "<group>"; };
		475E5E2C1F99C23B00CF82E0 /* BusStopMO.swift */ = {isa = PBXFileReference; lastKnownFileType = sourcecode.swift; path = BusStopMO.swift; sourceTree = "<group>"; };
		475E5E2E1F99D14000CF82E0 /* MessageMO.swift */ = {isa = PBXFileReference; lastKnownFileType = sourcecode.swift; path = MessageMO.swift; sourceTree = "<group>"; };
		475E5E351F99E43900CF82E0 /* BusStopItemTableViewCell.swift */ = {isa = PBXFileReference; lastKnownFileType = sourcecode.swift; path = BusStopItemTableViewCell.swift; sourceTree = "<group>"; };
		47F56FE01F9DDCF20074179A /* MessageTableViewController.swift */ = {isa = PBXFileReference; lastKnownFileType = sourcecode.swift; path = MessageTableViewController.swift; sourceTree = "<group>"; };
		47F56FE21F9DE23C0074179A /* MessageItemTableViewCell.swift */ = {isa = PBXFileReference; lastKnownFileType = sourcecode.swift; path = MessageItemTableViewCell.swift; sourceTree = "<group>"; };
		95803B426CE8F07BCD8FA791 /* Pods_BusCheckerUITests.framework */ = {isa = PBXFileReference; explicitFileType = wrapper.framework; includeInIndex = 0; path = Pods_BusCheckerUITests.framework; sourceTree = BUILT_PRODUCTS_DIR; };
		9E490F9ACA53B9683862E34D /* Pods-BusCheckerUITests.release.xcconfig */ = {isa = PBXFileReference; includeInIndex = 1; lastKnownFileType = text.xcconfig; name = "Pods-BusCheckerUITests.release.xcconfig"; path = "Pods/Target Support Files/Pods-BusCheckerUITests/Pods-BusCheckerUITests.release.xcconfig"; sourceTree = "<group>"; };
		D8C8C4268AF4B0E4B678121E /* Pods-BusCheckerTests.release.xcconfig */ = {isa = PBXFileReference; includeInIndex = 1; lastKnownFileType = text.xcconfig; name = "Pods-BusCheckerTests.release.xcconfig"; path = "Pods/Target Support Files/Pods-BusCheckerTests/Pods-BusCheckerTests.release.xcconfig"; sourceTree = "<group>"; };
		DB7753ADF82165C7D560A1B8 /* Pods_BusCheckerTests.framework */ = {isa = PBXFileReference; explicitFileType = wrapper.framework; includeInIndex = 0; path = Pods_BusCheckerTests.framework; sourceTree = BUILT_PRODUCTS_DIR; };
		E4399C03261C176594DC684D /* Pods-BusCheckerUITests.debug.xcconfig */ = {isa = PBXFileReference; includeInIndex = 1; lastKnownFileType = text.xcconfig; name = "Pods-BusCheckerUITests.debug.xcconfig"; path = "Pods/Target Support Files/Pods-BusCheckerUITests/Pods-BusCheckerUITests.debug.xcconfig"; sourceTree = "<group>"; };
		E965A70B1F9A81240068C025 /* AddViewController.swift */ = {isa = PBXFileReference; lastKnownFileType = sourcecode.swift; path = AddViewController.swift; sourceTree = "<group>"; };
		E965A70D1F9A83EA0068C025 /* BusStopViewModel.swift */ = {isa = PBXFileReference; lastKnownFileType = sourcecode.swift; path = BusStopViewModel.swift; sourceTree = "<group>"; };
/* End PBXFileReference section */

/* Begin PBXFrameworksBuildPhase section */
		475E5DF11F99A7F500CF82E0 /* Frameworks */ = {
			isa = PBXFrameworksBuildPhase;
			buildActionMask = 2147483647;
			files = (
				28DA35290D08D46942F4EB6E /* Pods_BusChecker.framework in Frameworks */,
			);
			runOnlyForDeploymentPostprocessing = 0;
		};
		475E5E081F99A7F500CF82E0 /* Frameworks */ = {
			isa = PBXFrameworksBuildPhase;
			buildActionMask = 2147483647;
			files = (
				F96CCEF3EF9AE6E8C6E21C03 /* Pods_BusCheckerTests.framework in Frameworks */,
			);
			runOnlyForDeploymentPostprocessing = 0;
		};
		475E5E131F99A7F600CF82E0 /* Frameworks */ = {
			isa = PBXFrameworksBuildPhase;
			buildActionMask = 2147483647;
			files = (
				132C59D17E335BE249F5466E /* Pods_BusCheckerUITests.framework in Frameworks */,
			);
			runOnlyForDeploymentPostprocessing = 0;
		};
/* End PBXFrameworksBuildPhase section */

/* Begin PBXGroup section */
		475E5DEB1F99A7F500CF82E0 = {
			isa = PBXGroup;
			children = (
				475E5DF61F99A7F500CF82E0 /* BusChecker */,
				475E5E0E1F99A7F600CF82E0 /* BusCheckerTests */,
				475E5E191F99A7F600CF82E0 /* BusCheckerUITests */,
				475E5DF51F99A7F500CF82E0 /* Products */,
				4BA5427E7DD5210987035A1D /* Pods */,
				CA80324DCE5483FD15DAF92E /* Frameworks */,
			);
			sourceTree = "<group>";
		};
		475E5DF51F99A7F500CF82E0 /* Products */ = {
			isa = PBXGroup;
			children = (
				475E5DF41F99A7F500CF82E0 /* BusChecker.app */,
				475E5E0B1F99A7F500CF82E0 /* BusCheckerTests.xctest */,
				475E5E161F99A7F600CF82E0 /* BusCheckerUITests.xctest */,
			);
			name = Products;
			sourceTree = "<group>";
		};
		475E5DF61F99A7F500CF82E0 /* BusChecker */ = {
			isa = PBXGroup;
			children = (
				475E5E281F99B30900CF82E0 /* FirstView */,
				47F56FDF1F9DDCA00074179A /* SecondView */,
				E965A70A1F9A80220068C025 /* AddView */,
				475E5E2B1F99C1F300CF82E0 /* CoreData */,
				475E5DF71F99A7F500CF82E0 /* AppDelegate.swift */,
				475E5DFB1F99A7F500CF82E0 /* Main.storyboard */,
				475E5E011F99A7F500CF82E0 /* Assets.xcassets */,
				475E5E031F99A7F500CF82E0 /* LaunchScreen.storyboard */,
				475E5E061F99A7F500CF82E0 /* Info.plist */,
			);
			path = BusChecker;
			sourceTree = "<group>";
		};
		475E5E0E1F99A7F600CF82E0 /* BusCheckerTests */ = {
			isa = PBXGroup;
			children = (
				475E5E0F1F99A7F600CF82E0 /* BusCheckerTests.swift */,
				475E5E111F99A7F600CF82E0 /* Info.plist */,
			);
			path = BusCheckerTests;
			sourceTree = "<group>";
		};
		475E5E191F99A7F600CF82E0 /* BusCheckerUITests */ = {
			isa = PBXGroup;
			children = (
				475E5E1A1F99A7F600CF82E0 /* BusCheckerUITests.swift */,
				475E5E1C1F99A7F600CF82E0 /* Info.plist */,
			);
			path = BusCheckerUITests;
			sourceTree = "<group>";
		};
		475E5E281F99B30900CF82E0 /* FirstView */ = {
			isa = PBXGroup;
			children = (
				475E5E291F99B34C00CF82E0 /* BusStopUITableViewController.swift */,
				475E5E351F99E43900CF82E0 /* BusStopItemTableViewCell.swift */,
			);
			path = FirstView;
			sourceTree = "<group>";
		};
		475E5E2B1F99C1F300CF82E0 /* CoreData */ = {
			isa = PBXGroup;
			children = (
				475E5DFE1F99A7F500CF82E0 /* BusChecker.xcdatamodeld */,
				475E5E2C1F99C23B00CF82E0 /* BusStopMO.swift */,
				475E5E2E1F99D14000CF82E0 /* MessageMO.swift */,
			);
			path = CoreData;
			sourceTree = "<group>";
		};
		47F56FDF1F9DDCA00074179A /* SecondView */ = {
			isa = PBXGroup;
			children = (
				47F56FE01F9DDCF20074179A /* MessageTableViewController.swift */,
				47F56FE21F9DE23C0074179A /* MessageItemTableViewCell.swift */,
			);
			path = SecondView;
			sourceTree = "<group>";
		};
		4BA5427E7DD5210987035A1D /* Pods */ = {
			isa = PBXGroup;
			children = (
				1C183F5E5CB26BC3E9B9596A /* Pods-BusChecker.debug.xcconfig */,
				28C9147621DEB8A852C8BAD4 /* Pods-BusChecker.release.xcconfig */,
				25B6C6C07F4EBE4001BEF8D1 /* Pods-BusCheckerTests.debug.xcconfig */,
				D8C8C4268AF4B0E4B678121E /* Pods-BusCheckerTests.release.xcconfig */,
				E4399C03261C176594DC684D /* Pods-BusCheckerUITests.debug.xcconfig */,
				9E490F9ACA53B9683862E34D /* Pods-BusCheckerUITests.release.xcconfig */,
			);
			name = Pods;
			sourceTree = "<group>";
		};
		CA80324DCE5483FD15DAF92E /* Frameworks */ = {
			isa = PBXGroup;
			children = (
				0D49AAFD72BE6837D7A33EDF /* Pods_BusChecker.framework */,
				DB7753ADF82165C7D560A1B8 /* Pods_BusCheckerTests.framework */,
				95803B426CE8F07BCD8FA791 /* Pods_BusCheckerUITests.framework */,
			);
			name = Frameworks;
			sourceTree = "<group>";
		};
		E965A70A1F9A80220068C025 /* AddView */ = {
			isa = PBXGroup;
			children = (
				E965A70B1F9A81240068C025 /* AddViewController.swift */,
				E965A70D1F9A83EA0068C025 /* BusStopViewModel.swift */,
			);
			path = AddView;
			sourceTree = "<group>";
		};
/* End PBXGroup section */

/* Begin PBXNativeTarget section */
		475E5DF31F99A7F500CF82E0 /* BusChecker */ = {
			isa = PBXNativeTarget;
			buildConfigurationList = 475E5E1F1F99A7F600CF82E0 /* Build configuration list for PBXNativeTarget "BusChecker" */;
			buildPhases = (
				CCF6A1124252DDB14978F7EF /* [CP] Check Pods Manifest.lock */,
				475E5DF01F99A7F500CF82E0 /* Sources */,
				475E5DF11F99A7F500CF82E0 /* Frameworks */,
				475E5DF21F99A7F500CF82E0 /* Resources */,
				A30856A13D68693D67BF4769 /* [CP] Embed Pods Frameworks */,
				DE789A4E4F31AC7FC18B9D00 /* [CP] Copy Pods Resources */,
			);
			buildRules = (
			);
			dependencies = (
			);
			name = BusChecker;
			productName = BusChecker;
			productReference = 475E5DF41F99A7F500CF82E0 /* BusChecker.app */;
			productType = "com.apple.product-type.application";
		};
		475E5E0A1F99A7F500CF82E0 /* BusCheckerTests */ = {
			isa = PBXNativeTarget;
			buildConfigurationList = 475E5E221F99A7F600CF82E0 /* Build configuration list for PBXNativeTarget "BusCheckerTests" */;
			buildPhases = (
				0F6F194CE15658AB1601A84D /* [CP] Check Pods Manifest.lock */,
				475E5E071F99A7F500CF82E0 /* Sources */,
				475E5E081F99A7F500CF82E0 /* Frameworks */,
				475E5E091F99A7F500CF82E0 /* Resources */,
				595974A02B90A69EBAE14A07 /* [CP] Embed Pods Frameworks */,
				293293FAC68812E5C1F4161A /* [CP] Copy Pods Resources */,
			);
			buildRules = (
			);
			dependencies = (
				475E5E0D1F99A7F500CF82E0 /* PBXTargetDependency */,
			);
			name = BusCheckerTests;
			productName = BusCheckerTests;
			productReference = 475E5E0B1F99A7F500CF82E0 /* BusCheckerTests.xctest */;
			productType = "com.apple.product-type.bundle.unit-test";
		};
		475E5E151F99A7F600CF82E0 /* BusCheckerUITests */ = {
			isa = PBXNativeTarget;
			buildConfigurationList = 475E5E251F99A7F600CF82E0 /* Build configuration list for PBXNativeTarget "BusCheckerUITests" */;
			buildPhases = (
				49E2CF7B8C8109CF3A41ACCB /* [CP] Check Pods Manifest.lock */,
				475E5E121F99A7F600CF82E0 /* Sources */,
				475E5E131F99A7F600CF82E0 /* Frameworks */,
				475E5E141F99A7F600CF82E0 /* Resources */,
				0533BC4EA0DA086603DCB5DB /* [CP] Embed Pods Frameworks */,
				387605E248725B6B4959BF8F /* [CP] Copy Pods Resources */,
			);
			buildRules = (
			);
			dependencies = (
				475E5E181F99A7F600CF82E0 /* PBXTargetDependency */,
			);
			name = BusCheckerUITests;
			productName = BusCheckerUITests;
			productReference = 475E5E161F99A7F600CF82E0 /* BusCheckerUITests.xctest */;
			productType = "com.apple.product-type.bundle.ui-testing";
		};
/* End PBXNativeTarget section */

/* Begin PBXProject section */
		475E5DEC1F99A7F500CF82E0 /* Project object */ = {
			isa = PBXProject;
			attributes = {
				LastSwiftUpdateCheck = 0900;
				LastUpgradeCheck = 0900;
				ORGANIZATIONNAME = kenth;
				TargetAttributes = {
					475E5DF31F99A7F500CF82E0 = {
						CreatedOnToolsVersion = 9.0;
						ProvisioningStyle = Automatic;
					};
					475E5E0A1F99A7F500CF82E0 = {
						CreatedOnToolsVersion = 9.0;
						ProvisioningStyle = Automatic;
						TestTargetID = 475E5DF31F99A7F500CF82E0;
					};
					475E5E151F99A7F600CF82E0 = {
						CreatedOnToolsVersion = 9.0;
						ProvisioningStyle = Automatic;
						TestTargetID = 475E5DF31F99A7F500CF82E0;
					};
				};
			};
			buildConfigurationList = 475E5DEF1F99A7F500CF82E0 /* Build configuration list for PBXProject "BusChecker" */;
			compatibilityVersion = "Xcode 8.0";
			developmentRegion = en;
			hasScannedForEncodings = 0;
			knownRegions = (
				en,
				Base,
			);
			mainGroup = 475E5DEB1F99A7F500CF82E0;
			productRefGroup = 475E5DF51F99A7F500CF82E0 /* Products */;
			projectDirPath = "";
			projectRoot = "";
			targets = (
				475E5DF31F99A7F500CF82E0 /* BusChecker */,
				475E5E0A1F99A7F500CF82E0 /* BusCheckerTests */,
				475E5E151F99A7F600CF82E0 /* BusCheckerUITests */,
			);
		};
/* End PBXProject section */

/* Begin PBXResourcesBuildPhase section */
		475E5DF21F99A7F500CF82E0 /* Resources */ = {
			isa = PBXResourcesBuildPhase;
			buildActionMask = 2147483647;
			files = (
				475E5E051F99A7F500CF82E0 /* LaunchScreen.storyboard in Resources */,
				475E5E021F99A7F500CF82E0 /* Assets.xcassets in Resources */,
				475E5DFD1F99A7F500CF82E0 /* Main.storyboard in Resources */,
			);
			runOnlyForDeploymentPostprocessing = 0;
		};
		475E5E091F99A7F500CF82E0 /* Resources */ = {
			isa = PBXResourcesBuildPhase;
			buildActionMask = 2147483647;
			files = (
			);
			runOnlyForDeploymentPostprocessing = 0;
		};
		475E5E141F99A7F600CF82E0 /* Resources */ = {
			isa = PBXResourcesBuildPhase;
			buildActionMask = 2147483647;
			files = (
			);
			runOnlyForDeploymentPostprocessing = 0;
		};
/* End PBXResourcesBuildPhase section */

/* Begin PBXShellScriptBuildPhase section */
		0533BC4EA0DA086603DCB5DB /* [CP] Embed Pods Frameworks */ = {
			isa = PBXShellScriptBuildPhase;
			buildActionMask = 2147483647;
			files = (
			);
			inputPaths = (
			);
			name = "[CP] Embed Pods Frameworks";
			outputPaths = (
			);
			runOnlyForDeploymentPostprocessing = 0;
			shellPath = /bin/sh;
			shellScript = "\"${SRCROOT}/Pods/Target Support Files/Pods-BusCheckerUITests/Pods-BusCheckerUITests-frameworks.sh\"\n";
			showEnvVarsInLog = 0;
		};
		0F6F194CE15658AB1601A84D /* [CP] Check Pods Manifest.lock */ = {
			isa = PBXShellScriptBuildPhase;
			buildActionMask = 2147483647;
			files = (
			);
			inputPaths = (
				"${PODS_PODFILE_DIR_PATH}/Podfile.lock",
				"${PODS_ROOT}/Manifest.lock",
			);
			name = "[CP] Check Pods Manifest.lock";
			outputPaths = (
				"$(DERIVED_FILE_DIR)/Pods-BusCheckerTests-checkManifestLockResult.txt",
			);
			runOnlyForDeploymentPostprocessing = 0;
			shellPath = /bin/sh;
			shellScript = "diff \"${PODS_PODFILE_DIR_PATH}/Podfile.lock\" \"${PODS_ROOT}/Manifest.lock\" > /dev/null\nif [ $? != 0 ] ; then\n    # print error to STDERR\n    echo \"error: The sandbox is not in sync with the Podfile.lock. Run 'pod install' or update your CocoaPods installation.\" >&2\n    exit 1\nfi\n# This output is used by Xcode 'outputs' to avoid re-running this script phase.\necho \"SUCCESS\" > \"${SCRIPT_OUTPUT_FILE_0}\"\n";
			showEnvVarsInLog = 0;
		};
		293293FAC68812E5C1F4161A /* [CP] Copy Pods Resources */ = {
			isa = PBXShellScriptBuildPhase;
			buildActionMask = 2147483647;
			files = (
			);
			inputPaths = (
			);
			name = "[CP] Copy Pods Resources";
			outputPaths = (
			);
			runOnlyForDeploymentPostprocessing = 0;
			shellPath = /bin/sh;
			shellScript = "\"${SRCROOT}/Pods/Target Support Files/Pods-BusCheckerTests/Pods-BusCheckerTests-resources.sh\"\n";
			showEnvVarsInLog = 0;
		};
		387605E248725B6B4959BF8F /* [CP] Copy Pods Resources */ = {
			isa = PBXShellScriptBuildPhase;
			buildActionMask = 2147483647;
			files = (
			);
			inputPaths = (
			);
			name = "[CP] Copy Pods Resources";
			outputPaths = (
			);
			runOnlyForDeploymentPostprocessing = 0;
			shellPath = /bin/sh;
			shellScript = "\"${SRCROOT}/Pods/Target Support Files/Pods-BusCheckerUITests/Pods-BusCheckerUITests-resources.sh\"\n";
			showEnvVarsInLog = 0;
		};
		49E2CF7B8C8109CF3A41ACCB /* [CP] Check Pods Manifest.lock */ = {
			isa = PBXShellScriptBuildPhase;
			buildActionMask = 2147483647;
			files = (
			);
			inputPaths = (
				"${PODS_PODFILE_DIR_PATH}/Podfile.lock",
				"${PODS_ROOT}/Manifest.lock",
			);
			name = "[CP] Check Pods Manifest.lock";
			outputPaths = (
				"$(DERIVED_FILE_DIR)/Pods-BusCheckerUITests-checkManifestLockResult.txt",
			);
			runOnlyForDeploymentPostprocessing = 0;
			shellPath = /bin/sh;
			shellScript = "diff \"${PODS_PODFILE_DIR_PATH}/Podfile.lock\" \"${PODS_ROOT}/Manifest.lock\" > /dev/null\nif [ $? != 0 ] ; then\n    # print error to STDERR\n    echo \"error: The sandbox is not in sync with the Podfile.lock. Run 'pod install' or update your CocoaPods installation.\" >&2\n    exit 1\nfi\n# This output is used by Xcode 'outputs' to avoid re-running this script phase.\necho \"SUCCESS\" > \"${SCRIPT_OUTPUT_FILE_0}\"\n";
			showEnvVarsInLog = 0;
		};
		595974A02B90A69EBAE14A07 /* [CP] Embed Pods Frameworks */ = {
			isa = PBXShellScriptBuildPhase;
			buildActionMask = 2147483647;
			files = (
			);
			inputPaths = (
			);
			name = "[CP] Embed Pods Frameworks";
			outputPaths = (
			);
			runOnlyForDeploymentPostprocessing = 0;
			shellPath = /bin/sh;
			shellScript = "\"${SRCROOT}/Pods/Target Support Files/Pods-BusCheckerTests/Pods-BusCheckerTests-frameworks.sh\"\n";
			showEnvVarsInLog = 0;
		};
		A30856A13D68693D67BF4769 /* [CP] Embed Pods Frameworks */ = {
			isa = PBXShellScriptBuildPhase;
			buildActionMask = 2147483647;
			files = (
			);
			inputPaths = (
				"${SRCROOT}/Pods/Target Support Files/Pods-BusChecker/Pods-BusChecker-frameworks.sh",
				"${BUILT_PRODUCTS_DIR}/Eureka/Eureka.framework",
			);
			name = "[CP] Embed Pods Frameworks";
			outputPaths = (
				"${TARGET_BUILD_DIR}/${FRAMEWORKS_FOLDER_PATH}/Eureka.framework",
			);
			runOnlyForDeploymentPostprocessing = 0;
			shellPath = /bin/sh;
			shellScript = "\"${SRCROOT}/Pods/Target Support Files/Pods-BusChecker/Pods-BusChecker-frameworks.sh\"\n";
			showEnvVarsInLog = 0;
		};
		CCF6A1124252DDB14978F7EF /* [CP] Check Pods Manifest.lock */ = {
			isa = PBXShellScriptBuildPhase;
			buildActionMask = 2147483647;
			files = (
			);
			inputPaths = (
				"${PODS_PODFILE_DIR_PATH}/Podfile.lock",
				"${PODS_ROOT}/Manifest.lock",
			);
			name = "[CP] Check Pods Manifest.lock";
			outputPaths = (
				"$(DERIVED_FILE_DIR)/Pods-BusChecker-checkManifestLockResult.txt",
			);
			runOnlyForDeploymentPostprocessing = 0;
			shellPath = /bin/sh;
			shellScript = "diff \"${PODS_PODFILE_DIR_PATH}/Podfile.lock\" \"${PODS_ROOT}/Manifest.lock\" > /dev/null\nif [ $? != 0 ] ; then\n    # print error to STDERR\n    echo \"error: The sandbox is not in sync with the Podfile.lock. Run 'pod install' or update your CocoaPods installation.\" >&2\n    exit 1\nfi\n# This output is used by Xcode 'outputs' to avoid re-running this script phase.\necho \"SUCCESS\" > \"${SCRIPT_OUTPUT_FILE_0}\"\n";
			showEnvVarsInLog = 0;
		};
		DE789A4E4F31AC7FC18B9D00 /* [CP] Copy Pods Resources */ = {
			isa = PBXShellScriptBuildPhase;
			buildActionMask = 2147483647;
			files = (
			);
			inputPaths = (
			);
			name = "[CP] Copy Pods Resources";
			outputPaths = (
			);
			runOnlyForDeploymentPostprocessing = 0;
			shellPath = /bin/sh;
			shellScript = "\"${SRCROOT}/Pods/Target Support Files/Pods-BusChecker/Pods-BusChecker-resources.sh\"\n";
			showEnvVarsInLog = 0;
		};
/* End PBXShellScriptBuildPhase section */

/* Begin PBXSourcesBuildPhase section */
		475E5DF01F99A7F500CF82E0 /* Sources */ = {
			isa = PBXSourcesBuildPhase;
			buildActionMask = 2147483647;
			files = (
				475E5E361F99E43900CF82E0 /* BusStopItemTableViewCell.swift in Sources */,
				475E5E2A1F99B34C00CF82E0 /* BusStopUITableViewController.swift in Sources */,
				E965A70C1F9A81240068C025 /* AddViewController.swift in Sources */,
				475E5E2F1F99D14000CF82E0 /* MessageMO.swift in Sources */,
				475E5E001F99A7F500CF82E0 /* BusChecker.xcdatamodeld in Sources */,
				E965A70E1F9A83EA0068C025 /* BusStopViewModel.swift in Sources */,
				475E5E2D1F99C23B00CF82E0 /* BusStopMO.swift in Sources */,
				47F56FE11F9DDCF20074179A /* MessageTableViewController.swift in Sources */,
				47F56FE31F9DE23C0074179A /* MessageItemTableViewCell.swift in Sources */,
				475E5DF81F99A7F500CF82E0 /* AppDelegate.swift in Sources */,
			);
			runOnlyForDeploymentPostprocessing = 0;
		};
		475E5E071F99A7F500CF82E0 /* Sources */ = {
			isa = PBXSourcesBuildPhase;
			buildActionMask = 2147483647;
			files = (
				475E5E101F99A7F600CF82E0 /* BusCheckerTests.swift in Sources */,
			);
			runOnlyForDeploymentPostprocessing = 0;
		};
		475E5E121F99A7F600CF82E0 /* Sources */ = {
			isa = PBXSourcesBuildPhase;
			buildActionMask = 2147483647;
			files = (
				475E5E1B1F99A7F600CF82E0 /* BusCheckerUITests.swift in Sources */,
			);
			runOnlyForDeploymentPostprocessing = 0;
		};
/* End PBXSourcesBuildPhase section */

/* Begin PBXTargetDependency section */
		475E5E0D1F99A7F500CF82E0 /* PBXTargetDependency */ = {
			isa = PBXTargetDependency;
			target = 475E5DF31F99A7F500CF82E0 /* BusChecker */;
			targetProxy = 475E5E0C1F99A7F500CF82E0 /* PBXContainerItemProxy */;
		};
		475E5E181F99A7F600CF82E0 /* PBXTargetDependency */ = {
			isa = PBXTargetDependency;
			target = 475E5DF31F99A7F500CF82E0 /* BusChecker */;
			targetProxy = 475E5E171F99A7F600CF82E0 /* PBXContainerItemProxy */;
		};
/* End PBXTargetDependency section */

/* Begin PBXVariantGroup section */
		475E5DFB1F99A7F500CF82E0 /* Main.storyboard */ = {
			isa = PBXVariantGroup;
			children = (
				475E5DFC1F99A7F500CF82E0 /* Base */,
			);
			name = Main.storyboard;
			sourceTree = "<group>";
		};
		475E5E031F99A7F500CF82E0 /* LaunchScreen.storyboard */ = {
			isa = PBXVariantGroup;
			children = (
				475E5E041F99A7F500CF82E0 /* Base */,
			);
			name = LaunchScreen.storyboard;
			sourceTree = "<group>";
		};
/* End PBXVariantGroup section */

/* Begin XCBuildConfiguration section */
		475E5E1D1F99A7F600CF82E0 /* Debug */ = {
			isa = XCBuildConfiguration;
			buildSettings = {
				ALWAYS_SEARCH_USER_PATHS = NO;
				CLANG_ANALYZER_NONNULL = YES;
				CLANG_ANALYZER_NUMBER_OBJECT_CONVERSION = YES_AGGRESSIVE;
				CLANG_CXX_LANGUAGE_STANDARD = "gnu++14";
				CLANG_CXX_LIBRARY = "libc++";
				CLANG_ENABLE_MODULES = YES;
				CLANG_ENABLE_OBJC_ARC = YES;
				CLANG_WARN_BLOCK_CAPTURE_AUTORELEASING = YES;
				CLANG_WARN_BOOL_CONVERSION = YES;
				CLANG_WARN_COMMA = YES;
				CLANG_WARN_CONSTANT_CONVERSION = YES;
				CLANG_WARN_DIRECT_OBJC_ISA_USAGE = YES_ERROR;
				CLANG_WARN_DOCUMENTATION_COMMENTS = YES;
				CLANG_WARN_EMPTY_BODY = YES;
				CLANG_WARN_ENUM_CONVERSION = YES;
				CLANG_WARN_INFINITE_RECURSION = YES;
				CLANG_WARN_INT_CONVERSION = YES;
				CLANG_WARN_NON_LITERAL_NULL_CONVERSION = YES;
				CLANG_WARN_OBJC_LITERAL_CONVERSION = YES;
				CLANG_WARN_OBJC_ROOT_CLASS = YES_ERROR;
				CLANG_WARN_RANGE_LOOP_ANALYSIS = YES;
				CLANG_WARN_STRICT_PROTOTYPES = YES;
				CLANG_WARN_SUSPICIOUS_MOVE = YES;
				CLANG_WARN_UNGUARDED_AVAILABILITY = YES_AGGRESSIVE;
				CLANG_WARN_UNREACHABLE_CODE = YES;
				CLANG_WARN__DUPLICATE_METHOD_MATCH = YES;
				CODE_SIGN_IDENTITY = "iPhone Developer";
				COPY_PHASE_STRIP = NO;
				DEBUG_INFORMATION_FORMAT = dwarf;
				ENABLE_STRICT_OBJC_MSGSEND = YES;
				ENABLE_TESTABILITY = YES;
				GCC_C_LANGUAGE_STANDARD = gnu11;
				GCC_DYNAMIC_NO_PIC = NO;
				GCC_NO_COMMON_BLOCKS = YES;
				GCC_OPTIMIZATION_LEVEL = 0;
				GCC_PREPROCESSOR_DEFINITIONS = (
					"DEBUG=1",
					"$(inherited)",
				);
				GCC_WARN_64_TO_32_BIT_CONVERSION = YES;
				GCC_WARN_ABOUT_RETURN_TYPE = YES_ERROR;
				GCC_WARN_UNDECLARED_SELECTOR = YES;
				GCC_WARN_UNINITIALIZED_AUTOS = YES_AGGRESSIVE;
				GCC_WARN_UNUSED_FUNCTION = YES;
				GCC_WARN_UNUSED_VARIABLE = YES;
				IPHONEOS_DEPLOYMENT_TARGET = 11.0;
				MTL_ENABLE_DEBUG_INFO = YES;
				ONLY_ACTIVE_ARCH = YES;
				SDKROOT = iphoneos;
				SWIFT_ACTIVE_COMPILATION_CONDITIONS = DEBUG;
				SWIFT_OPTIMIZATION_LEVEL = "-Onone";
			};
			name = Debug;
		};
		475E5E1E1F99A7F600CF82E0 /* Release */ = {
			isa = XCBuildConfiguration;
			buildSettings = {
				ALWAYS_SEARCH_USER_PATHS = NO;
				CLANG_ANALYZER_NONNULL = YES;
				CLANG_ANALYZER_NUMBER_OBJECT_CONVERSION = YES_AGGRESSIVE;
				CLANG_CXX_LANGUAGE_STANDARD = "gnu++14";
				CLANG_CXX_LIBRARY = "libc++";
				CLANG_ENABLE_MODULES = YES;
				CLANG_ENABLE_OBJC_ARC = YES;
				CLANG_WARN_BLOCK_CAPTURE_AUTORELEASING = YES;
				CLANG_WARN_BOOL_CONVERSION = YES;
				CLANG_WARN_COMMA = YES;
				CLANG_WARN_CONSTANT_CONVERSION = YES;
				CLANG_WARN_DIRECT_OBJC_ISA_USAGE = YES_ERROR;
				CLANG_WARN_DOCUMENTATION_COMMENTS = YES;
				CLANG_WARN_EMPTY_BODY = YES;
				CLANG_WARN_ENUM_CONVERSION = YES;
				CLANG_WARN_INFINITE_RECURSION = YES;
				CLANG_WARN_INT_CONVERSION = YES;
				CLANG_WARN_NON_LITERAL_NULL_CONVERSION = YES;
				CLANG_WARN_OBJC_LITERAL_CONVERSION = YES;
				CLANG_WARN_OBJC_ROOT_CLASS = YES_ERROR;
				CLANG_WARN_RANGE_LOOP_ANALYSIS = YES;
				CLANG_WARN_STRICT_PROTOTYPES = YES;
				CLANG_WARN_SUSPICIOUS_MOVE = YES;
				CLANG_WARN_UNGUARDED_AVAILABILITY = YES_AGGRESSIVE;
				CLANG_WARN_UNREACHABLE_CODE = YES;
				CLANG_WARN__DUPLICATE_METHOD_MATCH = YES;
				CODE_SIGN_IDENTITY = "iPhone Developer";
				COPY_PHASE_STRIP = NO;
				DEBUG_INFORMATION_FORMAT = "dwarf-with-dsym";
				ENABLE_NS_ASSERTIONS = NO;
				ENABLE_STRICT_OBJC_MSGSEND = YES;
				GCC_C_LANGUAGE_STANDARD = gnu11;
				GCC_NO_COMMON_BLOCKS = YES;
				GCC_WARN_64_TO_32_BIT_CONVERSION = YES;
				GCC_WARN_ABOUT_RETURN_TYPE = YES_ERROR;
				GCC_WARN_UNDECLARED_SELECTOR = YES;
				GCC_WARN_UNINITIALIZED_AUTOS = YES_AGGRESSIVE;
				GCC_WARN_UNUSED_FUNCTION = YES;
				GCC_WARN_UNUSED_VARIABLE = YES;
				IPHONEOS_DEPLOYMENT_TARGET = 11.0;
				MTL_ENABLE_DEBUG_INFO = NO;
				SDKROOT = iphoneos;
				SWIFT_OPTIMIZATION_LEVEL = "-Owholemodule";
				VALIDATE_PRODUCT = YES;
			};
			name = Release;
		};
		475E5E201F99A7F600CF82E0 /* Debug */ = {
			isa = XCBuildConfiguration;
			baseConfigurationReference = 1C183F5E5CB26BC3E9B9596A /* Pods-BusChecker.debug.xcconfig */;
			buildSettings = {
				ASSETCATALOG_COMPILER_APPICON_NAME = AppIcon;
				CODE_SIGN_STYLE = Automatic;
				DEVELOPMENT_TEAM = QXWBHRRVR3;
				INFOPLIST_FILE = BusChecker/Info.plist;
				IPHONEOS_DEPLOYMENT_TARGET = 10.3;
				LD_RUNPATH_SEARCH_PATHS = "$(inherited) @executable_path/Frameworks";
				PRODUCT_BUNDLE_IDENTIFIER = kenth.BusChecker;
				PRODUCT_NAME = "$(TARGET_NAME)";
				SWIFT_VERSION = 4.0;
				TARGETED_DEVICE_FAMILY = "1,2";
			};
			name = Debug;
		};
		475E5E211F99A7F600CF82E0 /* Release */ = {
			isa = XCBuildConfiguration;
			baseConfigurationReference = 28C9147621DEB8A852C8BAD4 /* Pods-BusChecker.release.xcconfig */;
			buildSettings = {
				ASSETCATALOG_COMPILER_APPICON_NAME = AppIcon;
				CODE_SIGN_STYLE = Automatic;
				DEVELOPMENT_TEAM = QXWBHRRVR3;
				INFOPLIST_FILE = BusChecker/Info.plist;
				IPHONEOS_DEPLOYMENT_TARGET = 10.3;
				LD_RUNPATH_SEARCH_PATHS = "$(inherited) @executable_path/Frameworks";
				PRODUCT_BUNDLE_IDENTIFIER = kenth.BusChecker;
				PRODUCT_NAME = "$(TARGET_NAME)";
				SWIFT_VERSION = 4.0;
				TARGETED_DEVICE_FAMILY = "1,2";
			};
			name = Release;
		};
		475E5E231F99A7F600CF82E0 /* Debug */ = {
			isa = XCBuildConfiguration;
			baseConfigurationReference = 25B6C6C07F4EBE4001BEF8D1 /* Pods-BusCheckerTests.debug.xcconfig */;
			buildSettings = {
				ALWAYS_EMBED_SWIFT_STANDARD_LIBRARIES = YES;
				BUNDLE_LOADER = "$(TEST_HOST)";
				CODE_SIGN_STYLE = Automatic;
				DEVELOPMENT_TEAM = QXWBHRRVR3;
				INFOPLIST_FILE = BusCheckerTests/Info.plist;
				LD_RUNPATH_SEARCH_PATHS = "$(inherited) @executable_path/Frameworks @loader_path/Frameworks";
				PRODUCT_BUNDLE_IDENTIFIER = kenth.BusCheckerTests;
				PRODUCT_NAME = "$(TARGET_NAME)";
				SWIFT_VERSION = 4.0;
				TARGETED_DEVICE_FAMILY = "1,2";
				TEST_HOST = "$(BUILT_PRODUCTS_DIR)/BusChecker.app/BusChecker";
			};
			name = Debug;
		};
		475E5E241F99A7F600CF82E0 /* Release */ = {
			isa = XCBuildConfiguration;
			baseConfigurationReference = D8C8C4268AF4B0E4B678121E /* Pods-BusCheckerTests.release.xcconfig */;
			buildSettings = {
				ALWAYS_EMBED_SWIFT_STANDARD_LIBRARIES = YES;
				BUNDLE_LOADER = "$(TEST_HOST)";
				CODE_SIGN_STYLE = Automatic;
				DEVELOPMENT_TEAM = QXWBHRRVR3;
				INFOPLIST_FILE = BusCheckerTests/Info.plist;
				LD_RUNPATH_SEARCH_PATHS = "$(inherited) @executable_path/Frameworks @loader_path/Frameworks";
				PRODUCT_BUNDLE_IDENTIFIER = kenth.BusCheckerTests;
				PRODUCT_NAME = "$(TARGET_NAME)";
				SWIFT_VERSION = 4.0;
				TARGETED_DEVICE_FAMILY = "1,2";
				TEST_HOST = "$(BUILT_PRODUCTS_DIR)/BusChecker.app/BusChecker";
			};
			name = Release;
		};
		475E5E261F99A7F600CF82E0 /* Debug */ = {
			isa = XCBuildConfiguration;
			baseConfigurationReference = E4399C03261C176594DC684D /* Pods-BusCheckerUITests.debug.xcconfig */;
			buildSettings = {
				ALWAYS_EMBED_SWIFT_STANDARD_LIBRARIES = YES;
				CODE_SIGN_STYLE = Automatic;
				DEVELOPMENT_TEAM = QXWBHRRVR3;
				INFOPLIST_FILE = BusCheckerUITests/Info.plist;
				LD_RUNPATH_SEARCH_PATHS = "$(inherited) @executable_path/Frameworks @loader_path/Frameworks";
				PRODUCT_BUNDLE_IDENTIFIER = kenth.BusCheckerUITests;
				PRODUCT_NAME = "$(TARGET_NAME)";
				SWIFT_VERSION = 4.0;
				TARGETED_DEVICE_FAMILY = "1,2";
				TEST_TARGET_NAME = BusChecker;
			};
			name = Debug;
		};
		475E5E271F99A7F600CF82E0 /* Release */ = {
			isa = XCBuildConfiguration;
			baseConfigurationReference = 9E490F9ACA53B9683862E34D /* Pods-BusCheckerUITests.release.xcconfig */;
			buildSettings = {
				ALWAYS_EMBED_SWIFT_STANDARD_LIBRARIES = YES;
				CODE_SIGN_STYLE = Automatic;
				DEVELOPMENT_TEAM = QXWBHRRVR3;
				INFOPLIST_FILE = BusCheckerUITests/Info.plist;
				LD_RUNPATH_SEARCH_PATHS = "$(inherited) @executable_path/Frameworks @loader_path/Frameworks";
				PRODUCT_BUNDLE_IDENTIFIER = kenth.BusCheckerUITests;
				PRODUCT_NAME = "$(TARGET_NAME)";
				SWIFT_VERSION = 4.0;
				TARGETED_DEVICE_FAMILY = "1,2";
				TEST_TARGET_NAME = BusChecker;
			};
			name = Release;
		};
/* End XCBuildConfiguration section */

/* Begin XCConfigurationList section */
		475E5DEF1F99A7F500CF82E0 /* Build configuration list for PBXProject "BusChecker" */ = {
			isa = XCConfigurationList;
			buildConfigurations = (
				475E5E1D1F99A7F600CF82E0 /* Debug */,
				475E5E1E1F99A7F600CF82E0 /* Release */,
			);
			defaultConfigurationIsVisible = 0;
			defaultConfigurationName = Release;
		};
		475E5E1F1F99A7F600CF82E0 /* Build configuration list for PBXNativeTarget "BusChecker" */ = {
			isa = XCConfigurationList;
			buildConfigurations = (
				475E5E201F99A7F600CF82E0 /* Debug */,
				475E5E211F99A7F600CF82E0 /* Release */,
			);
			defaultConfigurationIsVisible = 0;
			defaultConfigurationName = Release;
		};
		475E5E221F99A7F600CF82E0 /* Build configuration list for PBXNativeTarget "BusCheckerTests" */ = {
			isa = XCConfigurationList;
			buildConfigurations = (
				475E5E231F99A7F600CF82E0 /* Debug */,
				475E5E241F99A7F600CF82E0 /* Release */,
			);
			defaultConfigurationIsVisible = 0;
			defaultConfigurationName = Release;
		};
		475E5E251F99A7F600CF82E0 /* Build configuration list for PBXNativeTarget "BusCheckerUITests" */ = {
			isa = XCConfigurationList;
			buildConfigurations = (
				475E5E261F99A7F600CF82E0 /* Debug */,
				475E5E271F99A7F600CF82E0 /* Release */,
			);
			defaultConfigurationIsVisible = 0;
			defaultConfigurationName = Release;
		};
/* End XCConfigurationList section */

/* Begin XCVersionGroup section */
		475E5DFE1F99A7F500CF82E0 /* BusChecker.xcdatamodeld */ = {
			isa = XCVersionGroup;
			children = (
				475E5DFF1F99A7F500CF82E0 /* BusChecker.xcdatamodel */,
			);
			currentVersion = 475E5DFF1F99A7F500CF82E0 /* BusChecker.xcdatamodel */;
			path = BusChecker.xcdatamodeld;
			sourceTree = "<group>";
			versionGroupType = wrapper.xcdatamodel;
		};
/* End XCVersionGroup section */
	};
	rootObject = 475E5DEC1F99A7F500CF82E0 /* Project object */;
}
